
Microsoft Visual Studio Solution File, Format Version 12.00
# Visual Studio Version 16
VisualStudioVersion = 16.0.29306.81
MinimumVisualStudioVersion = 10.0.40219.1
Project("{FAE04EC0-301F-11D3-BF4B-00C04F79EFBC}") = "MorseCode", "MorseCode\MorseCode.csproj", "{38C4B702-18C4-45C4-8328-E4DB26E8875E}"
EndProject
Global
	GlobalSection(SolutionConfigurationPlatforms) = preSolution
		Debug|Any CPU = Debug|Any CPU
		Release|Any CPU = Release|Any CPU
	EndGlobalSection
	GlobalSection(ProjectConfigurationPlatforms) = postSolution
		{38C4B702-18C4-45C4-8328-E4DB26E8875E}.Debug|Any CPU.ActiveCfg = Debug|Any CPU
		{38C4B702-18C4-45C4-8328-E4DB26E8875E}.Debug|Any CPU.Build.0 = Debug|Any CPU
		{38C4B702-18C4-45C4-8328-E4DB26E8875E}.Release|Any CPU.ActiveCfg = Release|Any CPU
		{38C4B702-18C4-45C4-8328-E4DB26E8875E}.Release|Any CPU.Build.0 = Release|Any CPU
	EndGlobalSection
	GlobalSection(SolutionProperties) = preSolution
		HideSolutionNode = FALSE
	EndGlobalSection
	GlobalSection(ExtensibilityGlobals) = postSolution
		SolutionGuid = {53F97521-36C3-406C-87BB-913A8DA2FF63}
	EndGlobalSection
EndGlobal
